
Microsoft Visual Studio Solution File, Format Version 12.00
# Visual Studio Version 16
VisualStudioVersion = 16.0.31729.503
MinimumVisualStudioVersion = 10.0.40219.1
Project("{8BC9CEB8-8B4A-11D0-8D11-00A0C91BC942}") = "Practica 7", "Practica 7\Practica 7.vcxproj", "{099AD5A0-032D-40AC-9BB6-F1EB740465DF}"
EndProject
Global
	GlobalSection(SolutionConfigurationPlatforms) = preSolution
		Debug|x64 = Debug|x64
		Debug|x86 = Debug|x86
		Release|x64 = Release|x64
		Release|x86 = Release|x86
	EndGlobalSection
	GlobalSection(ProjectConfigurationPlatforms) = postSolution
		{099AD5A0-032D-40AC-9BB6-F1EB740465DF}.Debug|x64.ActiveCfg = Debug|x64
		{099AD5A0-032D-40AC-9BB6-F1EB740465DF}.Debug|x64.Build.0 = Debug|x64
		{099AD5A0-032D-40AC-9BB6-F1EB740465DF}.Debug|x86.ActiveCfg = Debug|Win32
		{099AD5A0-032D-40AC-9BB6-F1EB740465DF}.Debug|x86.Build.0 = Debug|Win32
		{099AD5A0-032D-40AC-9BB6-F1EB740465DF}.Release|x64.ActiveCfg = Release|x64
		{099AD5A0-032D-40AC-9BB6-F1EB740465DF}.Release|x64.Build.0 = Release|x64
		{099AD5A0-032D-40AC-9BB6-F1EB740465DF}.Release|x86.ActiveCfg = Release|Win32
		{099AD5A0-032D-40AC-9BB6-F1EB740465DF}.Release|x86.Build.0 = Release|Win32
	EndGlobalSection
	GlobalSection(SolutionProperties) = preSolution
		HideSolutionNode = FALSE
	EndGlobalSection
	GlobalSection(ExtensibilityGlobals) = postSolution
		SolutionGuid = {D63D425D-B124-4062-9478-CF3CF0C5B757}
	EndGlobalSection
EndGlobal
