
Microsoft Visual Studio Solution File, Format Version 12.00
# Visual Studio Version 16
VisualStudioVersion = 16.0.31729.503
MinimumVisualStudioVersion = 10.0.40219.1
Project("{8BC9CEB8-8B4A-11D0-8D11-00A0C91BC942}") = "Metodo insercion", "Metodo insercion\Metodo insercion.vcxproj", "{FCF90266-A77B-4EC8-BFBA-B035C9C046A7}"
EndProject
Global
	GlobalSection(SolutionConfigurationPlatforms) = preSolution
		Debug|x64 = Debug|x64
		Debug|x86 = Debug|x86
		Release|x64 = Release|x64
		Release|x86 = Release|x86
	EndGlobalSection
	GlobalSection(ProjectConfigurationPlatforms) = postSolution
		{FCF90266-A77B-4EC8-BFBA-B035C9C046A7}.Debug|x64.ActiveCfg = Debug|x64
		{FCF90266-A77B-4EC8-BFBA-B035C9C046A7}.Debug|x64.Build.0 = Debug|x64
		{FCF90266-A77B-4EC8-BFBA-B035C9C046A7}.Debug|x86.ActiveCfg = Debug|Win32
		{FCF90266-A77B-4EC8-BFBA-B035C9C046A7}.Debug|x86.Build.0 = Debug|Win32
		{FCF90266-A77B-4EC8-BFBA-B035C9C046A7}.Release|x64.ActiveCfg = Release|x64
		{FCF90266-A77B-4EC8-BFBA-B035C9C046A7}.Release|x64.Build.0 = Release|x64
		{FCF90266-A77B-4EC8-BFBA-B035C9C046A7}.Release|x86.ActiveCfg = Release|Win32
		{FCF90266-A77B-4EC8-BFBA-B035C9C046A7}.Release|x86.Build.0 = Release|Win32
	EndGlobalSection
	GlobalSection(SolutionProperties) = preSolution
		HideSolutionNode = FALSE
	EndGlobalSection
	GlobalSection(ExtensibilityGlobals) = postSolution
		SolutionGuid = {ED42F419-38A6-4548-8D8F-A663837603BF}
	EndGlobalSection
EndGlobal
